
Microsoft Visual Studio Solution File, Format Version 12.00
# Visual Studio Version 16
VisualStudioVersion = 16.0.30711.63
MinimumVisualStudioVersion = 10.0.40219.1
Project("{9A19103F-16F7-4668-BE54-9A1E7A4F7556}") = "ZephyrNetCafe", "ZephyrNetCafe\ZephyrNetCafe.csproj", "{1507587F-C15A-4FC1-BFDE-4AFDA37CEC87}"
EndProject
Project("{2150E333-8FDC-42A3-9474-1A3956D46DE8}") = "Solution Items", "Solution Items", "{D4B5DBE8-9576-463A-B5C0-316C0F9AA5D7}"
	ProjectSection(SolutionItems) = preProject
		LICENSE.txt = LICENSE.txt
		README.md = README.md
	EndProjectSection
EndProject
Global
	GlobalSection(SolutionConfigurationPlatforms) = preSolution
		Debug|Any CPU = Debug|Any CPU
		Release|Any CPU = Release|Any CPU
	EndGlobalSection
	GlobalSection(ProjectConfigurationPlatforms) = postSolution
		{1507587F-C15A-4FC1-BFDE-4AFDA37CEC87}.Debug|Any CPU.ActiveCfg = Debug|Any CPU
		{1507587F-C15A-4FC1-BFDE-4AFDA37CEC87}.Debug|Any CPU.Build.0 = Debug|Any CPU
		{1507587F-C15A-4FC1-BFDE-4AFDA37CEC87}.Release|Any CPU.ActiveCfg = Release|Any CPU
		{1507587F-C15A-4FC1-BFDE-4AFDA37CEC87}.Release|Any CPU.Build.0 = Release|Any CPU
	EndGlobalSection
	GlobalSection(SolutionProperties) = preSolution
		HideSolutionNode = FALSE
	EndGlobalSection
	GlobalSection(ExtensibilityGlobals) = postSolution
		SolutionGuid = {B5BAA5D4-19CC-4FF6-A8F7-F4E0B4357942}
	EndGlobalSection
EndGlobal
